
Microsoft Visual Studio Solution File, Format Version 12.00
# Visual Studio Version 16
VisualStudioVersion = 16.0.31702.278
MinimumVisualStudioVersion = 10.0.40219.1
Project("{FAE04EC0-301F-11D3-BF4B-00C04F79EFBC}") = "RPG", "RPG\RPG.csproj", "{2F68679E-CF39-421C-A7F4-055BE9A46249}"
EndProject
Global
	GlobalSection(SolutionConfigurationPlatforms) = preSolution
		Debug|Any CPU = Debug|Any CPU
		Release|Any CPU = Release|Any CPU
	EndGlobalSection
	GlobalSection(ProjectConfigurationPlatforms) = postSolution
		{2F68679E-CF39-421C-A7F4-055BE9A46249}.Debug|Any CPU.ActiveCfg = Debug|Any CPU
		{2F68679E-CF39-421C-A7F4-055BE9A46249}.Debug|Any CPU.Build.0 = Debug|Any CPU
		{2F68679E-CF39-421C-A7F4-055BE9A46249}.Release|Any CPU.ActiveCfg = Release|Any CPU
		{2F68679E-CF39-421C-A7F4-055BE9A46249}.Release|Any CPU.Build.0 = Release|Any CPU
	EndGlobalSection
	GlobalSection(SolutionProperties) = preSolution
		HideSolutionNode = FALSE
	EndGlobalSection
	GlobalSection(ExtensibilityGlobals) = postSolution
		SolutionGuid = {DB01787A-B491-49BE-97A6-95A4444DF116}
	EndGlobalSection
EndGlobal
